
Microsoft Visual Studio Solution File, Format Version 12.00
# Visual Studio Version 17
VisualStudioVersion = 17.4.33103.184
MinimumVisualStudioVersion = 10.0.40219.1
Project("{FAE04EC0-301F-11D3-BF4B-00C04F79EFBC}") = "GalaxyOrbit4Launcher", "GalaxyOrbit4Launcher\GalaxyOrbit4Launcher.csproj", "{A20010AB-D661-4009-88EF-8C6016F220BB}"
EndProject
Project("{54435603-DBB4-11D2-8724-00A0C9A8B90C}") = "GalaxyOrbit4Installer", "GalaxyOrbit4Installer\GalaxyOrbit4Installer.vdproj", "{447B95DC-08AF-4EBA-A580-FAD8622812A9}"
EndProject
Global
	GlobalSection(SolutionConfigurationPlatforms) = preSolution
		Debug|Any CPU = Debug|Any CPU
		Debug|x86 = Debug|x86
		Release|Any CPU = Release|Any CPU
		Release|x86 = Release|x86
	EndGlobalSection
	GlobalSection(ProjectConfigurationPlatforms) = postSolution
		{A20010AB-D661-4009-88EF-8C6016F220BB}.Debug|Any CPU.ActiveCfg = Debug|Any CPU
		{A20010AB-D661-4009-88EF-8C6016F220BB}.Debug|Any CPU.Build.0 = Debug|Any CPU
		{A20010AB-D661-4009-88EF-8C6016F220BB}.Debug|x86.ActiveCfg = Debug|x86
		{A20010AB-D661-4009-88EF-8C6016F220BB}.Debug|x86.Build.0 = Debug|x86
		{A20010AB-D661-4009-88EF-8C6016F220BB}.Release|Any CPU.ActiveCfg = Release|Any CPU
		{A20010AB-D661-4009-88EF-8C6016F220BB}.Release|Any CPU.Build.0 = Release|Any CPU
		{A20010AB-D661-4009-88EF-8C6016F220BB}.Release|x86.ActiveCfg = Release|x86
		{A20010AB-D661-4009-88EF-8C6016F220BB}.Release|x86.Build.0 = Release|x86
		{447B95DC-08AF-4EBA-A580-FAD8622812A9}.Debug|Any CPU.ActiveCfg = Debug
		{447B95DC-08AF-4EBA-A580-FAD8622812A9}.Debug|x86.ActiveCfg = Debug
		{447B95DC-08AF-4EBA-A580-FAD8622812A9}.Release|Any CPU.ActiveCfg = Release
		{447B95DC-08AF-4EBA-A580-FAD8622812A9}.Release|x86.ActiveCfg = Release
	EndGlobalSection
	GlobalSection(SolutionProperties) = preSolution
		HideSolutionNode = FALSE
	EndGlobalSection
	GlobalSection(ExtensibilityGlobals) = postSolution
		SolutionGuid = {D012B6E9-7AE8-4E62-AF96-FB6ABDA1735F}
	EndGlobalSection
EndGlobal
