
Microsoft Visual Studio Solution File, Format Version 12.00
# Visual Studio Version 17
VisualStudioVersion = 17.2.32602.215
MinimumVisualStudioVersion = 10.0.40219.1
Project("{FAE04EC0-301F-11D3-BF4B-00C04F79EFBC}") = "GO2FlashLauncher", "GO2FlashLauncher\GO2FlashLauncher.csproj", "{C1D08730-704F-402D-BF6A-986C8F605F70}"
EndProject
Global
	GlobalSection(SolutionConfigurationPlatforms) = preSolution
		Debug|Any CPU = Debug|Any CPU
		Release|Any CPU = Release|Any CPU
	EndGlobalSection
	GlobalSection(ProjectConfigurationPlatforms) = postSolution
		{C1D08730-704F-402D-BF6A-986C8F605F70}.Debug|Any CPU.ActiveCfg = Debug|Any CPU
		{C1D08730-704F-402D-BF6A-986C8F605F70}.Debug|Any CPU.Build.0 = Debug|Any CPU
		{C1D08730-704F-402D-BF6A-986C8F605F70}.Release|Any CPU.ActiveCfg = Release|Any CPU
		{C1D08730-704F-402D-BF6A-986C8F605F70}.Release|Any CPU.Build.0 = Release|Any CPU
	EndGlobalSection
	GlobalSection(SolutionProperties) = preSolution
		HideSolutionNode = FALSE
	EndGlobalSection
	GlobalSection(ExtensibilityGlobals) = postSolution
		SolutionGuid = {B629FD75-D17E-4F17-ADFF-98E9458C553C}
	EndGlobalSection
EndGlobal
